// !$*UTF8*$!
{
	archiveVersion = 1;
	classes = {
	};
	objectVersion = 46;
	objects = {

/* Begin PBXBuildFile section */
		2C0953851A95365600820223 /* Speciality.swift in Sources */ = {isa = PBXBuildFile; fileRef = 2C0953841A95365600820223 /* Speciality.swift */; };
		2C0953881A953E8B00820223 /* Venue.swift in Sources */ = {isa = PBXBuildFile; fileRef = 2C0953871A953E8B00820223 /* Venue.swift */; };
		2C09538A1A9548B200820223 /* SpecialityContributionDetailViewController.swift in Sources */ = {isa = PBXBuildFile; fileRef = 2C0953891A9548B200820223 /* SpecialityContributionDetailViewController.swift */; };
		2C09538C1A95523500820223 /* User.swift in Sources */ = {isa = PBXBuildFile; fileRef = 2C09538B1A95523500820223 /* User.swift */; };
		2C4D96CD1A93E66E00AF3C64 /* Blank52.png in Resources */ = {isa = PBXBuildFile; fileRef = 2C4D96CC1A93E66E00AF3C64 /* Blank52.png */; };
		2C6AEE9B1A94E1B200D4C842 /* SpecialityContribution.swift in Sources */ = {isa = PBXBuildFile; fileRef = 2C6AEE9A1A94E1B200D4C842 /* SpecialityContribution.swift */; };
		4EC51DEF1A92946C00761988 /* AppDelegate.swift in Sources */ = {isa = PBXBuildFile; fileRef = 4EC51DEE1A92946C00761988 /* AppDelegate.swift */; };
		4EC51DF11A92946C00761988 /* SearchResultsViewController.swift in Sources */ = {isa = PBXBuildFile; fileRef = 4EC51DF01A92946C00761988 /* SearchResultsViewController.swift */; };
		4EC51DF41A92946C00761988 /* Main.storyboard in Resources */ = {isa = PBXBuildFile; fileRef = 4EC51DF21A92946C00761988 /* Main.storyboard */; };
		4EC51DF61A92946C00761988 /* Images.xcassets in Resources */ = {isa = PBXBuildFile; fileRef = 4EC51DF51A92946C00761988 /* Images.xcassets */; };
		4EC51DF91A92946C00761988 /* LaunchScreen.xib in Resources */ = {isa = PBXBuildFile; fileRef = 4EC51DF71A92946C00761988 /* LaunchScreen.xib */; };
		4EC51E051A92946C00761988 /* TableWithSwiftTests.swift in Sources */ = {isa = PBXBuildFile; fileRef = 4EC51E041A92946C00761988 /* TableWithSwiftTests.swift */; };
		4EC51E0F1A92B3C100761988 /* ApiController.swift in Sources */ = {isa = PBXBuildFile; fileRef = 4EC51E0E1A92B3C100761988 /* ApiController.swift */; };
/* End PBXBuildFile section */

/* Begin PBXContainerItemProxy section */
		4EC51DFF1A92946C00761988 /* PBXContainerItemProxy */ = {
			isa = PBXContainerItemProxy;
			containerPortal = 4EC51DE11A92946C00761988 /* Project object */;
			proxyType = 1;
			remoteGlobalIDString = 4EC51DE81A92946C00761988;
			remoteInfo = TableWithSwift;
		};
/* End PBXContainerItemProxy section */

/* Begin PBXFileReference section */
		2C0953841A95365600820223 /* Speciality.swift */ = {isa = PBXFileReference; fileEncoding = 4; lastKnownFileType = sourcecode.swift; name = Speciality.swift; path = Model/Speciality.swift; sourceTree = "<group>"; };
		2C0953871A953E8B00820223 /* Venue.swift */ = {isa = PBXFileReference; fileEncoding = 4; lastKnownFileType = sourcecode.swift; path = Venue.swift; sourceTree = "<group>"; };
		2C0953891A9548B200820223 /* SpecialityContributionDetailViewController.swift */ = {isa = PBXFileReference; fileEncoding = 4; lastKnownFileType = sourcecode.swift; path = SpecialityContributionDetailViewController.swift; sourceTree = "<group>"; };
		2C09538B1A95523500820223 /* User.swift */ = {isa = PBXFileReference; fileEncoding = 4; lastKnownFileType = sourcecode.swift; path = User.swift; sourceTree = "<group>"; };
		2C4D96CC1A93E66E00AF3C64 /* Blank52.png */ = {isa = PBXFileReference; lastKnownFileType = image.png; path = Blank52.png; sourceTree = "<group>"; };
		2C6AEE9A1A94E1B200D4C842 /* SpecialityContribution.swift */ = {isa = PBXFileReference; fileEncoding = 4; lastKnownFileType = sourcecode.swift; name = SpecialityContribution.swift; path = Model/SpecialityContribution.swift; sourceTree = "<group>"; };
		4EC51DE91A92946C00761988 /* TableWithSwift.app */ = {isa = PBXFileReference; explicitFileType = wrapper.application; includeInIndex = 0; path = TableWithSwift.app; sourceTree = BUILT_PRODUCTS_DIR; };
		4EC51DED1A92946C00761988 /* Info.plist */ = {isa = PBXFileReference; lastKnownFileType = text.plist.xml; path = Info.plist; sourceTree = "<group>"; };
		4EC51DEE1A92946C00761988 /* AppDelegate.swift */ = {isa = PBXFileReference; lastKnownFileType = sourcecode.swift; path = AppDelegate.swift; sourceTree = "<group>"; };
		4EC51DF01A92946C00761988 /* SearchResultsViewController.swift */ = {isa = PBXFileReference; lastKnownFileType = sourcecode.swift; path = SearchResultsViewController.swift; sourceTree = "<group>"; };
		4EC51DF31A92946C00761988 /* Base */ = {isa = PBXFileReference; lastKnownFileType = file.storyboard; name = Base; path = Base.lproj/Main.storyboard; sourceTree = "<group>"; };
		4EC51DF51A92946C00761988 /* Images.xcassets */ = {isa = PBXFileReference; lastKnownFileType = folder.assetcatalog; path = Images.xcassets; sourceTree = "<group>"; };
		4EC51DF81A92946C00761988 /* Base */ = {isa = PBXFileReference; lastKnownFileType = file.xib; name = Base; path = Base.lproj/LaunchScreen.xib; sourceTree = "<group>"; };
		4EC51DFE1A92946C00761988 /* TableWithSwiftTests.xctest */ = {isa = PBXFileReference; explicitFileType = wrapper.cfbundle; includeInIndex = 0; path = TableWithSwiftTests.xctest; sourceTree = BUILT_PRODUCTS_DIR; };
		4EC51E031A92946C00761988 /* Info.plist */ = {isa = PBXFileReference; lastKnownFileType = text.plist.xml; path = Info.plist; sourceTree = "<group>"; };
		4EC51E041A92946C00761988 /* TableWithSwiftTests.swift */ = {isa = PBXFileReference; lastKnownFileType = sourcecode.swift; path = TableWithSwiftTests.swift; sourceTree = "<group>"; };
		4EC51E0E1A92B3C100761988 /* ApiController.swift */ = {isa = PBXFileReference; fileEncoding = 4; lastKnownFileType = sourcecode.swift; path = ApiController.swift; sourceTree = "<group>"; };
/* End PBXFileReference section */

/* Begin PBXFrameworksBuildPhase section */
		4EC51DE61A92946C00761988 /* Frameworks */ = {
			isa = PBXFrameworksBuildPhase;
			buildActionMask = 2147483647;
			files = (
			);
			runOnlyForDeploymentPostprocessing = 0;
		};
		4EC51DFB1A92946C00761988 /* Frameworks */ = {
			isa = PBXFrameworksBuildPhase;
			buildActionMask = 2147483647;
			files = (
			);
			runOnlyForDeploymentPostprocessing = 0;
		};
/* End PBXFrameworksBuildPhase section */

/* Begin PBXGroup section */
		2C0953861A95367100820223 /* Model */ = {
			isa = PBXGroup;
			children = (
				2C6AEE9A1A94E1B200D4C842 /* SpecialityContribution.swift */,
				2C0953841A95365600820223 /* Speciality.swift */,
				2C0953871A953E8B00820223 /* Venue.swift */,
				2C09538B1A95523500820223 /* User.swift */,
			);
			name = Model;
			sourceTree = "<group>";
		};
		4EC51DE01A92946C00761988 = {
			isa = PBXGroup;
			children = (
				4EC51DEB1A92946C00761988 /* TableWithSwift */,
				4EC51E011A92946C00761988 /* TableWithSwiftTests */,
				4EC51DEA1A92946C00761988 /* Products */,
				2C4D96CC1A93E66E00AF3C64 /* Blank52.png */,
			);
			sourceTree = "<group>";
		};
		4EC51DEA1A92946C00761988 /* Products */ = {
			isa = PBXGroup;
			children = (
				4EC51DE91A92946C00761988 /* TableWithSwift.app */,
				4EC51DFE1A92946C00761988 /* TableWithSwiftTests.xctest */,
			);
			name = Products;
			sourceTree = "<group>";
		};
		4EC51DEB1A92946C00761988 /* TableWithSwift */ = {
			isa = PBXGroup;
			children = (
				4EC51DEE1A92946C00761988 /* AppDelegate.swift */,
				4EC51DF01A92946C00761988 /* SearchResultsViewController.swift */,
				2C0953891A9548B200820223 /* SpecialityContributionDetailViewController.swift */,
				4EC51DF21A92946C00761988 /* Main.storyboard */,
				4EC51E0E1A92B3C100761988 /* ApiController.swift */,
				4EC51DF51A92946C00761988 /* Images.xcassets */,
				4EC51DF71A92946C00761988 /* LaunchScreen.xib */,
				4EC51DEC1A92946C00761988 /* Supporting Files */,
				2C0953861A95367100820223 /* Model */,
			);
			path = TableWithSwift;
			sourceTree = "<group>";
		};
		4EC51DEC1A92946C00761988 /* Supporting Files */ = {
			isa = PBXGroup;
			children = (
				4EC51DED1A92946C00761988 /* Info.plist */,
			);
			name = "Supporting Files";
			sourceTree = "<group>";
		};
		4EC51E011A92946C00761988 /* TableWithSwiftTests */ = {
			isa = PBXGroup;
			children = (
				4EC51E041A92946C00761988 /* TableWithSwiftTests.swift */,
				4EC51E021A92946C00761988 /* Supporting Files */,
			);
			path = TableWithSwiftTests;
			sourceTree = "<group>";
		};
		4EC51E021A92946C00761988 /* Supporting Files */ = {
			isa = PBXGroup;
			children = (
				4EC51E031A92946C00761988 /* Info.plist */,
			);
			name = "Supporting Files";
			sourceTree = "<group>";
		};
/* End PBXGroup section */

/* Begin PBXNativeTarget section */
		4EC51DE81A92946C00761988 /* TableWithSwift */ = {
			isa = PBXNativeTarget;
			buildConfigurationList = 4EC51E081A92946C00761988 /* Build configuration list for PBXNativeTarget "TableWithSwift" */;
			buildPhases = (
				4EC51DE51A92946C00761988 /* Sources */,
				4EC51DE61A92946C00761988 /* Frameworks */,
				4EC51DE71A92946C00761988 /* Resources */,
			);
			buildRules = (
			);
			dependencies = (
			);
			name = TableWithSwift;
			productName = TableWithSwift;
			productReference = 4EC51DE91A92946C00761988 /* TableWithSwift.app */;
			productType = "com.apple.product-type.application";
		};
		4EC51DFD1A92946C00761988 /* TableWithSwiftTests */ = {
			isa = PBXNativeTarget;
			buildConfigurationList = 4EC51E0B1A92946C00761988 /* Build configuration list for PBXNativeTarget "TableWithSwiftTests" */;
			buildPhases = (
				4EC51DFA1A92946C00761988 /* Sources */,
				4EC51DFB1A92946C00761988 /* Frameworks */,
				4EC51DFC1A92946C00761988 /* Resources */,
			);
			buildRules = (
			);
			dependencies = (
				4EC51E001A92946C00761988 /* PBXTargetDependency */,
			);
			name = TableWithSwiftTests;
			productName = TableWithSwiftTests;
			productReference = 4EC51DFE1A92946C00761988 /* TableWithSwiftTests.xctest */;
			productType = "com.apple.product-type.bundle.unit-test";
		};
/* End PBXNativeTarget section */

/* Begin PBXProject section */
		4EC51DE11A92946C00761988 /* Project object */ = {
			isa = PBXProject;
			attributes = {
				LastUpgradeCheck = 0610;
				ORGANIZATIONNAME = LaIogurtera;
				TargetAttributes = {
					4EC51DE81A92946C00761988 = {
						CreatedOnToolsVersion = 6.1.1;
					};
					4EC51DFD1A92946C00761988 = {
						CreatedOnToolsVersion = 6.1.1;
						TestTargetID = 4EC51DE81A92946C00761988;
					};
				};
			};
			buildConfigurationList = 4EC51DE41A92946C00761988 /* Build configuration list for PBXProject "TableWithSwift" */;
			compatibilityVersion = "Xcode 3.2";
			developmentRegion = English;
			hasScannedForEncodings = 0;
			knownRegions = (
				en,
				Base,
			);
			mainGroup = 4EC51DE01A92946C00761988;
			productRefGroup = 4EC51DEA1A92946C00761988 /* Products */;
			projectDirPath = "";
			projectRoot = "";
			targets = (
				4EC51DE81A92946C00761988 /* TableWithSwift */,
				4EC51DFD1A92946C00761988 /* TableWithSwiftTests */,
			);
		};
/* End PBXProject section */

/* Begin PBXResourcesBuildPhase section */
		4EC51DE71A92946C00761988 /* Resources */ = {
			isa = PBXResourcesBuildPhase;
			buildActionMask = 2147483647;
			files = (
				4EC51DF41A92946C00761988 /* Main.storyboard in Resources */,
				2C4D96CD1A93E66E00AF3C64 /* Blank52.png in Resources */,
				4EC51DF91A92946C00761988 /* LaunchScreen.xib in Resources */,
				4EC51DF61A92946C00761988 /* Images.xcassets in Resources */,
			);
			runOnlyForDeploymentPostprocessing = 0;
		};
		4EC51DFC1A92946C00761988 /* Resources */ = {
			isa = PBXResourcesBuildPhase;
			buildActionMask = 2147483647;
			files = (
			);
			runOnlyForDeploymentPostprocessing = 0;
		};
/* End PBXResourcesBuildPhase section */

/* Begin PBXSourcesBuildPhase section */
		4EC51DE51A92946C00761988 /* Sources */ = {
			isa = PBXSourcesBuildPhase;
			buildActionMask = 2147483647;
			files = (
				2C09538A1A9548B200820223 /* SpecialityContributionDetailViewController.swift in Sources */,
				4EC51DF11A92946C00761988 /* SearchResultsViewController.swift in Sources */,
				2C0953881A953E8B00820223 /* Venue.swift in Sources */,
				4EC51DEF1A92946C00761988 /* AppDelegate.swift in Sources */,
				2C09538C1A95523500820223 /* User.swift in Sources */,
				2C6AEE9B1A94E1B200D4C842 /* SpecialityContribution.swift in Sources */,
				4EC51E0F1A92B3C100761988 /* ApiController.swift in Sources */,
				2C0953851A95365600820223 /* Speciality.swift in Sources */,
			);
			runOnlyForDeploymentPostprocessing = 0;
		};
		4EC51DFA1A92946C00761988 /* Sources */ = {
			isa = PBXSourcesBuildPhase;
			buildActionMask = 2147483647;
			files = (
				4EC51E051A92946C00761988 /* TableWithSwiftTests.swift in Sources */,
			);
			runOnlyForDeploymentPostprocessing = 0;
		};
/* End PBXSourcesBuildPhase section */

/* Begin PBXTargetDependency section */
		4EC51E001A92946C00761988 /* PBXTargetDependency */ = {
			isa = PBXTargetDependency;
			target = 4EC51DE81A92946C00761988 /* TableWithSwift */;
			targetProxy = 4EC51DFF1A92946C00761988 /* PBXContainerItemProxy */;
		};
/* End PBXTargetDependency section */

/* Begin PBXVariantGroup section */
		4EC51DF21A92946C00761988 /* Main.storyboard */ = {
			isa = PBXVariantGroup;
			children = (
				4EC51DF31A92946C00761988 /* Base */,
			);
			name = Main.storyboard;
			sourceTree = "<group>";
		};
		4EC51DF71A92946C00761988 /* LaunchScreen.xib */ = {
			isa = PBXVariantGroup;
			children = (
				4EC51DF81A92946C00761988 /* Base */,
			);
			name = LaunchScreen.xib;
			sourceTree = "<group>";
		};
/* End PBXVariantGroup section */

/* Begin XCBuildConfiguration section */
		4EC51E061A92946C00761988 /* Debug */ = {
			isa = XCBuildConfiguration;
			buildSettings = {
				ALWAYS_SEARCH_USER_PATHS = NO;
				CLANG_CXX_LANGUAGE_STANDARD = "gnu++0x";
				CLANG_CXX_LIBRARY = "libc++";
				CLANG_ENABLE_MODULES = YES;
				CLANG_ENABLE_OBJC_ARC = YES;
				CLANG_WARN_BOOL_CONVERSION = YES;
				CLANG_WARN_CONSTANT_CONVERSION = YES;
				CLANG_WARN_DIRECT_OBJC_ISA_USAGE = YES_ERROR;
				CLANG_WARN_EMPTY_BODY = YES;
				CLANG_WARN_ENUM_CONVERSION = YES;
				CLANG_WARN_INT_CONVERSION = YES;
				CLANG_WARN_OBJC_ROOT_CLASS = YES_ERROR;
				CLANG_WARN_UNREACHABLE_CODE = YES;
				CLANG_WARN__DUPLICATE_METHOD_MATCH = YES;
				"CODE_SIGN_IDENTITY[sdk=iphoneos*]" = "iPhone Developer";
				COPY_PHASE_STRIP = NO;
				ENABLE_STRICT_OBJC_MSGSEND = YES;
				GCC_C_LANGUAGE_STANDARD = gnu99;
				GCC_DYNAMIC_NO_PIC = NO;
				GCC_OPTIMIZATION_LEVEL = 0;
				GCC_PREPROCESSOR_DEFINITIONS = (
					"DEBUG=1",
					"$(inherited)",
				);
				GCC_SYMBOLS_PRIVATE_EXTERN = NO;
				GCC_WARN_64_TO_32_BIT_CONVERSION = YES;
				GCC_WARN_ABOUT_RETURN_TYPE = YES_ERROR;
				GCC_WARN_UNDECLARED_SELECTOR = YES;
				GCC_WARN_UNINITIALIZED_AUTOS = YES_AGGRESSIVE;
				GCC_WARN_UNUSED_FUNCTION = YES;
				GCC_WARN_UNUSED_VARIABLE = YES;
				IPHONEOS_DEPLOYMENT_TARGET = 8.1;
				MTL_ENABLE_DEBUG_INFO = YES;
				ONLY_ACTIVE_ARCH = YES;
				SDKROOT = iphoneos;
				SWIFT_OPTIMIZATION_LEVEL = "-Onone";
				TARGETED_DEVICE_FAMILY = 2;
			};
			name = Debug;
		};
		4EC51E071A92946C00761988 /* Release */ = {
			isa = XCBuildConfiguration;
			buildSettings = {
				ALWAYS_SEARCH_USER_PATHS = NO;
				CLANG_CXX_LANGUAGE_STANDARD = "gnu++0x";
				CLANG_CXX_LIBRARY = "libc++";
				CLANG_ENABLE_MODULES = YES;
				CLANG_ENABLE_OBJC_ARC = YES;
				CLANG_WARN_BOOL_CONVERSION = YES;
				CLANG_WARN_CONSTANT_CONVERSION = YES;
				CLANG_WARN_DIRECT_OBJC_ISA_USAGE = YES_ERROR;
				CLANG_WARN_EMPTY_BODY = YES;
				CLANG_WARN_ENUM_CONVERSION = YES;
				CLANG_WARN_INT_CONVERSION = YES;
				CLANG_WARN_OBJC_ROOT_CLASS = YES_ERROR;
				CLANG_WARN_UNREACHABLE_CODE = YES;
				CLANG_WARN__DUPLICATE_METHOD_MATCH = YES;
				"CODE_SIGN_IDENTITY[sdk=iphoneos*]" = "iPhone Developer";
				COPY_PHASE_STRIP = YES;
				ENABLE_NS_ASSERTIONS = NO;
				ENABLE_STRICT_OBJC_MSGSEND = YES;
				GCC_C_LANGUAGE_STANDARD = gnu99;
				GCC_WARN_64_TO_32_BIT_CONVERSION = YES;
				GCC_WARN_ABOUT_RETURN_TYPE = YES_ERROR;
				GCC_WARN_UNDECLARED_SELECTOR = YES;
				GCC_WARN_UNINITIALIZED_AUTOS = YES_AGGRESSIVE;
				GCC_WARN_UNUSED_FUNCTION = YES;
				GCC_WARN_UNUSED_VARIABLE = YES;
				IPHONEOS_DEPLOYMENT_TARGET = 8.1;
				MTL_ENABLE_DEBUG_INFO = NO;
				SDKROOT = iphoneos;
				TARGETED_DEVICE_FAMILY = 2;
				VALIDATE_PRODUCT = YES;
			};
			name = Release;
		};
		4EC51E091A92946C00761988 /* Debug */ = {
			isa = XCBuildConfiguration;
			buildSettings = {
				ASSETCATALOG_COMPILER_APPICON_NAME = AppIcon;
				INFOPLIST_FILE = TableWithSwift/Info.plist;
				LD_RUNPATH_SEARCH_PATHS = "$(inherited) @executable_path/Frameworks";
				PRODUCT_NAME = "$(TARGET_NAME)";
			};
			name = Debug;
		};
		4EC51E0A1A92946C00761988 /* Release */ = {
			isa = XCBuildConfiguration;
			buildSettings = {
				ASSETCATALOG_COMPILER_APPICON_NAME = AppIcon;
				INFOPLIST_FILE = TableWithSwift/Info.plist;
				LD_RUNPATH_SEARCH_PATHS = "$(inherited) @executable_path/Frameworks";
				PRODUCT_NAME = "$(TARGET_NAME)";
			};
			name = Release;
		};
		4EC51E0C1A92946C00761988 /* Debug */ = {
			isa = XCBuildConfiguration;
			buildSettings = {
				BUNDLE_LOADER = "$(TEST_HOST)";
				FRAMEWORK_SEARCH_PATHS = (
					"$(SDKROOT)/Developer/Library/Frameworks",
					"$(inherited)",
				);
				GCC_PREPROCESSOR_DEFINITIONS = (
					"DEBUG=1",
					"$(inherited)",
				);
				INFOPLIST_FILE = TableWithSwiftTests/Info.plist;
				LD_RUNPATH_SEARCH_PATHS = "$(inherited) @executable_path/Frameworks @loader_path/Frameworks";
				PRODUCT_NAME = "$(TARGET_NAME)";
				TEST_HOST = "$(BUILT_PRODUCTS_DIR)/TableWithSwift.app/TableWithSwift";
			};
			name = Debug;
		};
		4EC51E0D1A92946C00761988 /* Release */ = {
			isa = XCBuildConfiguration;
			buildSettings = {
				BUNDLE_LOADER = "$(TEST_HOST)";
				FRAMEWORK_SEARCH_PATHS = (
					"$(SDKROOT)/Developer/Library/Frameworks",
					"$(inherited)",
				);
				INFOPLIST_FILE = TableWithSwiftTests/Info.plist;
				LD_RUNPATH_SEARCH_PATHS = "$(inherited) @executable_path/Frameworks @loader_path/Frameworks";
				PRODUCT_NAME = "$(TARGET_NAME)";
				TEST_HOST = "$(BUILT_PRODUCTS_DIR)/TableWithSwift.app/TableWithSwift";
			};
			name = Release;
		};
/* End XCBuildConfiguration section */

/* Begin XCConfigurationList section */
		4EC51DE41A92946C00761988 /* Build configuration list for PBXProject "TableWithSwift" */ = {
			isa = XCConfigurationList;
			buildConfigurations = (
				4EC51E061A92946C00761988 /* Debug */,
				4EC51E071A92946C00761988 /* Release */,
			);
			defaultConfigurationIsVisible = 0;
			defaultConfigurationName = Release;
		};
		4EC51E081A92946C00761988 /* Build configuration list for PBXNativeTarget "TableWithSwift" */ = {
			isa = XCConfigurationList;
			buildConfigurations = (
				4EC51E091A92946C00761988 /* Debug */,
				4EC51E0A1A92946C00761988 /* Release */,
			);
			defaultConfigurationIsVisible = 0;
			defaultConfigurationName = Release;
		};
		4EC51E0B1A92946C00761988 /* Build configuration list for PBXNativeTarget "TableWithSwiftTests" */ = {
			isa = XCConfigurationList;
			buildConfigurations = (
				4EC51E0C1A92946C00761988 /* Debug */,
				4EC51E0D1A92946C00761988 /* Release */,
			);
			defaultConfigurationIsVisible = 0;
			defaultConfigurationName = Release;
		};
/* End XCConfigurationList section */
	};
	rootObject = 4EC51DE11A92946C00761988 /* Project object */;
}
